
Microsoft Visual Studio Solution File, Format Version 12.00
# Visual Studio Version 17
VisualStudioVersion = 17.0.31903.59
MinimumVisualStudioVersion = 10.0.40219.1
Project("{FAE04EC0-301F-11D3-BF4B-00C04F79EFBC}") = "eLibrary", "eLibrary.csproj", "{290B23BA-FE07-4947-AFB3-752D3062CA50}"
EndProject
Global
	GlobalSection(SolutionConfigurationPlatforms) = preSolution
		Debug|Any CPU = Debug|Any CPU
		Release|Any CPU = Release|Any CPU
	EndGlobalSection
	GlobalSection(ProjectConfigurationPlatforms) = postSolution
		{290B23BA-FE07-4947-AFB3-752D3062CA50}.Debug|Any CPU.ActiveCfg = Debug|Any CPU
		{290B23BA-FE07-4947-AFB3-752D3062CA50}.Debug|Any CPU.Build.0 = Debug|Any CPU
		{290B23BA-FE07-4947-AFB3-752D3062CA50}.Release|Any CPU.ActiveCfg = Release|Any CPU
		{290B23BA-FE07-4947-AFB3-752D3062CA50}.Release|Any CPU.Build.0 = Release|Any CPU
	EndGlobalSection
	GlobalSection(SolutionProperties) = preSolution
		HideSolutionNode = FALSE
	EndGlobalSection
	GlobalSection(ExtensibilityGlobals) = postSolution
		SolutionGuid = {7B8E3374-5663-4C6A-BFB1-AA81F810C7D0}
	EndGlobalSection
EndGlobal
